
Microsoft Visual Studio Solution File, Format Version 12.00
Project("{FAE04EC0-301F-11D3-BF4B-00C04F79EFBC}") = "ServerSentEventsServer", "ServerSentEventsServer\ServerSentEventsServer.csproj", "{38DF8D30-0AE5-4EF8-9AA7-1F6F728E5280}"
EndProject
Project("{FAE04EC0-301F-11D3-BF4B-00C04F79EFBC}") = "SignalRServer", "SignalRServer\SignalRServer.csproj", "{A52BB075-AF9B-458B-9CDD-F879E74F3F27}"
EndProject
Project("{FAE04EC0-301F-11D3-BF4B-00C04F79EFBC}") = "MockingServer", "MockingServer\MockingServer.csproj", "{A5301EDA-6568-4EB7-B3D7-9767F099BF2D}"
EndProject
Global
	GlobalSection(SolutionConfigurationPlatforms) = preSolution
		Debug|Any CPU = Debug|Any CPU
		Release|Any CPU = Release|Any CPU
	EndGlobalSection
	GlobalSection(ProjectConfigurationPlatforms) = postSolution
		{38DF8D30-0AE5-4EF8-9AA7-1F6F728E5280}.Debug|Any CPU.ActiveCfg = Debug|Any CPU
		{38DF8D30-0AE5-4EF8-9AA7-1F6F728E5280}.Debug|Any CPU.Build.0 = Debug|Any CPU
		{38DF8D30-0AE5-4EF8-9AA7-1F6F728E5280}.Release|Any CPU.ActiveCfg = Release|Any CPU
		{38DF8D30-0AE5-4EF8-9AA7-1F6F728E5280}.Release|Any CPU.Build.0 = Release|Any CPU
		{A52BB075-AF9B-458B-9CDD-F879E74F3F27}.Debug|Any CPU.ActiveCfg = Debug|Any CPU
		{A52BB075-AF9B-458B-9CDD-F879E74F3F27}.Debug|Any CPU.Build.0 = Debug|Any CPU
		{A52BB075-AF9B-458B-9CDD-F879E74F3F27}.Release|Any CPU.ActiveCfg = Release|Any CPU
		{A52BB075-AF9B-458B-9CDD-F879E74F3F27}.Release|Any CPU.Build.0 = Release|Any CPU
		{A5301EDA-6568-4EB7-B3D7-9767F099BF2D}.Debug|Any CPU.ActiveCfg = Debug|Any CPU
		{A5301EDA-6568-4EB7-B3D7-9767F099BF2D}.Debug|Any CPU.Build.0 = Debug|Any CPU
		{A5301EDA-6568-4EB7-B3D7-9767F099BF2D}.Release|Any CPU.ActiveCfg = Release|Any CPU
		{A5301EDA-6568-4EB7-B3D7-9767F099BF2D}.Release|Any CPU.Build.0 = Release|Any CPU
	EndGlobalSection
EndGlobal
